
Microsoft Visual Studio Solution File, Format Version 12.00
# Visual Studio Version 17
VisualStudioVersion = 17.1.32210.238
MinimumVisualStudioVersion = 10.0.40219.1
Project("{F184B08F-C81C-45F6-A57F-5ABD9991F28F}") = "11", "11\11.vbproj", "{DC1722AB-FC9A-48E3-B9BA-618E7A5D09A1}"
EndProject
Global
	GlobalSection(SolutionConfigurationPlatforms) = preSolution
		Debug|Any CPU = Debug|Any CPU
		Release|Any CPU = Release|Any CPU
	EndGlobalSection
	GlobalSection(ProjectConfigurationPlatforms) = postSolution
		{DC1722AB-FC9A-48E3-B9BA-618E7A5D09A1}.Debug|Any CPU.ActiveCfg = Debug|Any CPU
		{DC1722AB-FC9A-48E3-B9BA-618E7A5D09A1}.Debug|Any CPU.Build.0 = Debug|Any CPU
		{DC1722AB-FC9A-48E3-B9BA-618E7A5D09A1}.Release|Any CPU.ActiveCfg = Release|Any CPU
		{DC1722AB-FC9A-48E3-B9BA-618E7A5D09A1}.Release|Any CPU.Build.0 = Release|Any CPU
	EndGlobalSection
	GlobalSection(SolutionProperties) = preSolution
		HideSolutionNode = FALSE
	EndGlobalSection
	GlobalSection(ExtensibilityGlobals) = postSolution
		SolutionGuid = {2074BD3C-807A-4D70-A400-A25FE1F7A4D2}
	EndGlobalSection
EndGlobal
