
Microsoft Visual Studio Solution File, Format Version 12.00
# Visual Studio Version 17
VisualStudioVersion = 17.1.32210.238
MinimumVisualStudioVersion = 10.0.40219.1
Project("{FAE04EC0-301F-11D3-BF4B-00C04F79EFBC}") = "15", "15\15.csproj", "{2AA610CE-3CE5-4774-BD50-F575B9F7559D}"
EndProject
Global
	GlobalSection(SolutionConfigurationPlatforms) = preSolution
		Debug|Any CPU = Debug|Any CPU
		Release|Any CPU = Release|Any CPU
	EndGlobalSection
	GlobalSection(ProjectConfigurationPlatforms) = postSolution
		{2AA610CE-3CE5-4774-BD50-F575B9F7559D}.Debug|Any CPU.ActiveCfg = Debug|Any CPU
		{2AA610CE-3CE5-4774-BD50-F575B9F7559D}.Debug|Any CPU.Build.0 = Debug|Any CPU
		{2AA610CE-3CE5-4774-BD50-F575B9F7559D}.Release|Any CPU.ActiveCfg = Release|Any CPU
		{2AA610CE-3CE5-4774-BD50-F575B9F7559D}.Release|Any CPU.Build.0 = Release|Any CPU
	EndGlobalSection
	GlobalSection(SolutionProperties) = preSolution
		HideSolutionNode = FALSE
	EndGlobalSection
	GlobalSection(ExtensibilityGlobals) = postSolution
		SolutionGuid = {1B7CA883-15B9-43DA-987B-75F3C8F68742}
	EndGlobalSection
EndGlobal
